// !$*UTF8*$!
{
	archiveVersion = 1;
	classes = {
	};
	objectVersion = 50;
	objects = {

/* Begin PBXBuildFile section */
		EA05F39122C8C36A003F14DD /* AppDelegate.swift in Sources */ = {isa = PBXBuildFile; fileRef = EA05F39022C8C36A003F14DD /* AppDelegate.swift */; };
		EA05F39322C8C36A003F14DD /* ViewController.swift in Sources */ = {isa = PBXBuildFile; fileRef = EA05F39222C8C36A003F14DD /* ViewController.swift */; };
		EA05F39622C8C36A003F14DD /* Main.storyboard in Resources */ = {isa = PBXBuildFile; fileRef = EA05F39422C8C36A003F14DD /* Main.storyboard */; };
		EA05F39822C8C36B003F14DD /* Assets.xcassets in Resources */ = {isa = PBXBuildFile; fileRef = EA05F39722C8C36B003F14DD /* Assets.xcassets */; };
		EA05F39B22C8C36B003F14DD /* LaunchScreen.storyboard in Resources */ = {isa = PBXBuildFile; fileRef = EA05F39922C8C36B003F14DD /* LaunchScreen.storyboard */; };
		EA05F3A622C8C36C003F14DD /* MesurmentKitTests.swift in Sources */ = {isa = PBXBuildFile; fileRef = EA05F3A522C8C36C003F14DD /* MesurmentKitTests.swift */; };
		EA05F3B122C8C36C003F14DD /* MesurmentKitUITests.swift in Sources */ = {isa = PBXBuildFile; fileRef = EA05F3B022C8C36C003F14DD /* MesurmentKitUITests.swift */; };
		EA60F11222C8CAF700F5E39E /* LunchViewVC.swift in Sources */ = {isa = PBXBuildFile; fileRef = EA60F11122C8CAF700F5E39E /* LunchViewVC.swift */; };
		EA60F11422C8D62B00F5E39E /* Line.swift in Sources */ = {isa = PBXBuildFile; fileRef = EA60F11322C8D62B00F5E39E /* Line.swift */; };
		EA60F11722C8D66500F5E39E /* SCNVector3.swift in Sources */ = {isa = PBXBuildFile; fileRef = EA60F11522C8D66500F5E39E /* SCNVector3.swift */; };
		EA60F11822C8D66500F5E39E /* ARSCNView.swift in Sources */ = {isa = PBXBuildFile; fileRef = EA60F11622C8D66500F5E39E /* ARSCNView.swift */; };
/* End PBXBuildFile section */

/* Begin PBXContainerItemProxy section */
		EA05F3A222C8C36C003F14DD /* PBXContainerItemProxy */ = {
			isa = PBXContainerItemProxy;
			containerPortal = EA05F38522C8C36A003F14DD /* Project object */;
			proxyType = 1;
			remoteGlobalIDString = EA05F38C22C8C36A003F14DD;
			remoteInfo = MesurmentKit;
		};
		EA05F3AD22C8C36C003F14DD /* PBXContainerItemProxy */ = {
			isa = PBXContainerItemProxy;
			containerPortal = EA05F38522C8C36A003F14DD /* Project object */;
			proxyType = 1;
			remoteGlobalIDString = EA05F38C22C8C36A003F14DD;
			remoteInfo = MesurmentKit;
		};
/* End PBXContainerItemProxy section */

/* Begin PBXFileReference section */
		EA05F38D22C8C36A003F14DD /* Live澳.博AI代.理.資訊Measurements.app */ = {isa = PBXFileReference; explicitFileType = wrapper.application; includeInIndex = 0; path = "Live澳.博AI代.理.資訊Measurements.app"; sourceTree = BUILT_PRODUCTS_DIR; };
		EA05F39022C8C36A003F14DD /* AppDelegate.swift */ = {isa = PBXFileReference; lastKnownFileType = sourcecode.swift; path = AppDelegate.swift; sourceTree = "<group>"; };
		EA05F39222C8C36A003F14DD /* ViewController.swift */ = {isa = PBXFileReference; lastKnownFileType = sourcecode.swift; path = ViewController.swift; sourceTree = "<group>"; };
		EA05F39522C8C36A003F14DD /* Base */ = {isa = PBXFileReference; lastKnownFileType = file.storyboard; name = Base; path = Base.lproj/Main.storyboard; sourceTree = "<group>"; };
		EA05F39722C8C36B003F14DD /* Assets.xcassets */ = {isa = PBXFileReference; lastKnownFileType = folder.assetcatalog; path = Assets.xcassets; sourceTree = "<group>"; };
		EA05F39A22C8C36B003F14DD /* Base */ = {isa = PBXFileReference; lastKnownFileType = file.storyboard; name = Base; path = Base.lproj/LaunchScreen.storyboard; sourceTree = "<group>"; };
		EA05F39C22C8C36B003F14DD /* Info.plist */ = {isa = PBXFileReference; lastKnownFileType = text.plist.xml; path = Info.plist; sourceTree = "<group>"; };
		EA05F3A122C8C36C003F14DD /* Live澳.博AI代.理.資訊MeasurementsTests.xctest */ = {isa = PBXFileReference; explicitFileType = wrapper.cfbundle; includeInIndex = 0; path = "Live澳.博AI代.理.資訊MeasurementsTests.xctest"; sourceTree = BUILT_PRODUCTS_DIR; };
		EA05F3A522C8C36C003F14DD /* MesurmentKitTests.swift */ = {isa = PBXFileReference; lastKnownFileType = sourcecode.swift; path = MesurmentKitTests.swift; sourceTree = "<group>"; };
		EA05F3A722C8C36C003F14DD /* Info.plist */ = {isa = PBXFileReference; lastKnownFileType = text.plist.xml; path = Info.plist; sourceTree = "<group>"; };
		EA05F3AC22C8C36C003F14DD /* Live澳.博AI代.理.資訊MeasurementsUITests.xctest */ = {isa = PBXFileReference; explicitFileType = wrapper.cfbundle; includeInIndex = 0; path = "Live澳.博AI代.理.資訊MeasurementsUITests.xctest"; sourceTree = BUILT_PRODUCTS_DIR; };
		EA05F3B022C8C36C003F14DD /* MesurmentKitUITests.swift */ = {isa = PBXFileReference; lastKnownFileType = sourcecode.swift; path = MesurmentKitUITests.swift; sourceTree = "<group>"; };
		EA05F3B222C8C36C003F14DD /* Info.plist */ = {isa = PBXFileReference; lastKnownFileType = text.plist.xml; path = Info.plist; sourceTree = "<group>"; };
		EA60F11122C8CAF700F5E39E /* LunchViewVC.swift */ = {isa = PBXFileReference; lastKnownFileType = sourcecode.swift; path = LunchViewVC.swift; sourceTree = "<group>"; };
		EA60F11322C8D62B00F5E39E /* Line.swift */ = {isa = PBXFileReference; fileEncoding = 4; lastKnownFileType = sourcecode.swift; path = Line.swift; sourceTree = "<group>"; };
		EA60F11522C8D66500F5E39E /* SCNVector3.swift */ = {isa = PBXFileReference; fileEncoding = 4; lastKnownFileType = sourcecode.swift; path = SCNVector3.swift; sourceTree = "<group>"; };
		EA60F11622C8D66500F5E39E /* ARSCNView.swift */ = {isa = PBXFileReference; fileEncoding = 4; lastKnownFileType = sourcecode.swift; path = ARSCNView.swift; sourceTree = "<group>"; };
/* End PBXFileReference section */

/* Begin PBXFrameworksBuildPhase section */
		EA05F38A22C8C36A003F14DD /* Frameworks */ = {
			isa = PBXFrameworksBuildPhase;
			buildActionMask = 2147483647;
			files = (
			);
			runOnlyForDeploymentPostprocessing = 0;
		};
		EA05F39E22C8C36C003F14DD /* Frameworks */ = {
			isa = PBXFrameworksBuildPhase;
			buildActionMask = 2147483647;
			files = (
			);
			runOnlyForDeploymentPostprocessing = 0;
		};
		EA05F3A922C8C36C003F14DD /* Frameworks */ = {
			isa = PBXFrameworksBuildPhase;
			buildActionMask = 2147483647;
			files = (
			);
			runOnlyForDeploymentPostprocessing = 0;
		};
/* End PBXFrameworksBuildPhase section */

/* Begin PBXGroup section */
		EA05F38422C8C36A003F14DD = {
			isa = PBXGroup;
			children = (
				EA05F38F22C8C36A003F14DD /* MesurmentKit */,
				EA05F3A422C8C36C003F14DD /* MesurmentKitTests */,
				EA05F3AF22C8C36C003F14DD /* MesurmentKitUITests */,
				EA05F38E22C8C36A003F14DD /* Products */,
			);
			sourceTree = "<group>";
		};
		EA05F38E22C8C36A003F14DD /* Products */ = {
			isa = PBXGroup;
			children = (
				EA05F38D22C8C36A003F14DD /* Live澳.博AI代.理.資訊Measurements.app */,
				EA05F3A122C8C36C003F14DD /* Live澳.博AI代.理.資訊MeasurementsTests.xctest */,
				EA05F3AC22C8C36C003F14DD /* Live澳.博AI代.理.資訊MeasurementsUITests.xctest */,
			);
			name = Products;
			sourceTree = "<group>";
		};
		EA05F38F22C8C36A003F14DD /* MesurmentKit */ = {
			isa = PBXGroup;
			children = (
				EA05F39022C8C36A003F14DD /* AppDelegate.swift */,
				EA05F39222C8C36A003F14DD /* ViewController.swift */,
				EA60F11322C8D62B00F5E39E /* Line.swift */,
				EA60F11622C8D66500F5E39E /* ARSCNView.swift */,
				EA60F11522C8D66500F5E39E /* SCNVector3.swift */,
				EA05F39422C8C36A003F14DD /* Main.storyboard */,
				EA05F39722C8C36B003F14DD /* Assets.xcassets */,
				EA05F39922C8C36B003F14DD /* LaunchScreen.storyboard */,
				EA60F11122C8CAF700F5E39E /* LunchViewVC.swift */,
				EA05F39C22C8C36B003F14DD /* Info.plist */,
			);
			path = MesurmentKit;
			sourceTree = "<group>";
		};
		EA05F3A422C8C36C003F14DD /* MesurmentKitTests */ = {
			isa = PBXGroup;
			children = (
				EA05F3A522C8C36C003F14DD /* MesurmentKitTests.swift */,
				EA05F3A722C8C36C003F14DD /* Info.plist */,
			);
			path = MesurmentKitTests;
			sourceTree = "<group>";
		};
		EA05F3AF22C8C36C003F14DD /* MesurmentKitUITests */ = {
			isa = PBXGroup;
			children = (
				EA05F3B022C8C36C003F14DD /* MesurmentKitUITests.swift */,
				EA05F3B222C8C36C003F14DD /* Info.plist */,
			);
			path = MesurmentKitUITests;
			sourceTree = "<group>";
		};
/* End PBXGroup section */

/* Begin PBXNativeTarget section */
		EA05F38C22C8C36A003F14DD /* Live澳.博AI代.理.資訊Measurements */ = {
			isa = PBXNativeTarget;
			buildConfigurationList = EA05F3B522C8C36C003F14DD /* Build configuration list for PBXNativeTarget "Live澳.博AI代.理.資訊Measurements" */;
			buildPhases = (
				EA05F38922C8C36A003F14DD /* Sources */,
				EA05F38A22C8C36A003F14DD /* Frameworks */,
				EA05F38B22C8C36A003F14DD /* Resources */,
			);
			buildRules = (
			);
			dependencies = (
			);
			name = "Live澳.博AI代.理.資訊Measurements";
			productName = MesurmentKit;
			productReference = EA05F38D22C8C36A003F14DD /* Live澳.博AI代.理.資訊Measurements.app */;
			productType = "com.apple.product-type.application";
		};
		EA05F3A022C8C36C003F14DD /* Live澳.博AI代.理.資訊MeasurementsTests */ = {
			isa = PBXNativeTarget;
			buildConfigurationList = EA05F3B822C8C36C003F14DD /* Build configuration list for PBXNativeTarget "Live澳.博AI代.理.資訊MeasurementsTests" */;
			buildPhases = (
				EA05F39D22C8C36C003F14DD /* Sources */,
				EA05F39E22C8C36C003F14DD /* Frameworks */,
				EA05F39F22C8C36C003F14DD /* Resources */,
			);
			buildRules = (
			);
			dependencies = (
				EA05F3A322C8C36C003F14DD /* PBXTargetDependency */,
			);
			name = "Live澳.博AI代.理.資訊MeasurementsTests";
			productName = MesurmentKitTests;
			productReference = EA05F3A122C8C36C003F14DD /* Live澳.博AI代.理.資訊MeasurementsTests.xctest */;
			productType = "com.apple.product-type.bundle.unit-test";
		};
		EA05F3AB22C8C36C003F14DD /* Live澳.博AI代.理.資訊MeasurementsUITests */ = {
			isa = PBXNativeTarget;
			buildConfigurationList = EA05F3BB22C8C36C003F14DD /* Build configuration list for PBXNativeTarget "Live澳.博AI代.理.資訊MeasurementsUITests" */;
			buildPhases = (
				EA05F3A822C8C36C003F14DD /* Sources */,
				EA05F3A922C8C36C003F14DD /* Frameworks */,
				EA05F3AA22C8C36C003F14DD /* Resources */,
			);
			buildRules = (
			);
			dependencies = (
				EA05F3AE22C8C36C003F14DD /* PBXTargetDependency */,
			);
			name = "Live澳.博AI代.理.資訊MeasurementsUITests";
			productName = MesurmentKitUITests;
			productReference = EA05F3AC22C8C36C003F14DD /* Live澳.博AI代.理.資訊MeasurementsUITests.xctest */;
			productType = "com.apple.product-type.bundle.ui-testing";
		};
/* End PBXNativeTarget section */

/* Begin PBXProject section */
		EA05F38522C8C36A003F14DD /* Project object */ = {
			isa = PBXProject;
			attributes = {
				LastSwiftUpdateCheck = 1020;
				LastUpgradeCheck = 1020;
				ORGANIZATIONNAME = Hemang;
				TargetAttributes = {
					EA05F38C22C8C36A003F14DD = {
						CreatedOnToolsVersion = 10.2.1;
					};
					EA05F3A022C8C36C003F14DD = {
						CreatedOnToolsVersion = 10.2.1;
						TestTargetID = EA05F38C22C8C36A003F14DD;
					};
					EA05F3AB22C8C36C003F14DD = {
						CreatedOnToolsVersion = 10.2.1;
						TestTargetID = EA05F38C22C8C36A003F14DD;
					};
				};
			};
			buildConfigurationList = EA05F38822C8C36A003F14DD /* Build configuration list for PBXProject "Live澳.博AI代.理.資訊Measurements" */;
			compatibilityVersion = "Xcode 9.3";
			developmentRegion = en;
			hasScannedForEncodings = 0;
			knownRegions = (
				en,
				Base,
			);
			mainGroup = EA05F38422C8C36A003F14DD;
			productRefGroup = EA05F38E22C8C36A003F14DD /* Products */;
			projectDirPath = "";
			projectRoot = "";
			targets = (
				EA05F38C22C8C36A003F14DD /* Live澳.博AI代.理.資訊Measurements */,
				EA05F3A022C8C36C003F14DD /* Live澳.博AI代.理.資訊MeasurementsTests */,
				EA05F3AB22C8C36C003F14DD /* Live澳.博AI代.理.資訊MeasurementsUITests */,
			);
		};
/* End PBXProject section */

/* Begin PBXResourcesBuildPhase section */
		EA05F38B22C8C36A003F14DD /* Resources */ = {
			isa = PBXResourcesBuildPhase;
			buildActionMask = 2147483647;
			files = (
				EA05F39B22C8C36B003F14DD /* LaunchScreen.storyboard in Resources */,
				EA05F39822C8C36B003F14DD /* Assets.xcassets in Resources */,
				EA05F39622C8C36A003F14DD /* Main.storyboard in Resources */,
			);
			runOnlyForDeploymentPostprocessing = 0;
		};
		EA05F39F22C8C36C003F14DD /* Resources */ = {
			isa = PBXResourcesBuildPhase;
			buildActionMask = 2147483647;
			files = (
			);
			runOnlyForDeploymentPostprocessing = 0;
		};
		EA05F3AA22C8C36C003F14DD /* Resources */ = {
			isa = PBXResourcesBuildPhase;
			buildActionMask = 2147483647;
			files = (
			);
			runOnlyForDeploymentPostprocessing = 0;
		};
/* End PBXResourcesBuildPhase section */

/* Begin PBXSourcesBuildPhase section */
		EA05F38922C8C36A003F14DD /* Sources */ = {
			isa = PBXSourcesBuildPhase;
			buildActionMask = 2147483647;
			files = (
				EA60F11222C8CAF700F5E39E /* LunchViewVC.swift in Sources */,
				EA60F11722C8D66500F5E39E /* SCNVector3.swift in Sources */,
				EA60F11822C8D66500F5E39E /* ARSCNView.swift in Sources */,
				EA05F39322C8C36A003F14DD /* ViewController.swift in Sources */,
				EA60F11422C8D62B00F5E39E /* Line.swift in Sources */,
				EA05F39122C8C36A003F14DD /* AppDelegate.swift in Sources */,
			);
			runOnlyForDeploymentPostprocessing = 0;
		};
		EA05F39D22C8C36C003F14DD /* Sources */ = {
			isa = PBXSourcesBuildPhase;
			buildActionMask = 2147483647;
			files = (
				EA05F3A622C8C36C003F14DD /* MesurmentKitTests.swift in Sources */,
			);
			runOnlyForDeploymentPostprocessing = 0;
		};
		EA05F3A822C8C36C003F14DD /* Sources */ = {
			isa = PBXSourcesBuildPhase;
			buildActionMask = 2147483647;
			files = (
				EA05F3B122C8C36C003F14DD /* MesurmentKitUITests.swift in Sources */,
			);
			runOnlyForDeploymentPostprocessing = 0;
		};
/* End PBXSourcesBuildPhase section */

/* Begin PBXTargetDependency section */
		EA05F3A322C8C36C003F14DD /* PBXTargetDependency */ = {
			isa = PBXTargetDependency;
			target = EA05F38C22C8C36A003F14DD /* Live澳.博AI代.理.資訊Measurements */;
			targetProxy = EA05F3A222C8C36C003F14DD /* PBXContainerItemProxy */;
		};
		EA05F3AE22C8C36C003F14DD /* PBXTargetDependency */ = {
			isa = PBXTargetDependency;
			target = EA05F38C22C8C36A003F14DD /* Live澳.博AI代.理.資訊Measurements */;
			targetProxy = EA05F3AD22C8C36C003F14DD /* PBXContainerItemProxy */;
		};
/* End PBXTargetDependency section */

/* Begin PBXVariantGroup section */
		EA05F39422C8C36A003F14DD /* Main.storyboard */ = {
			isa = PBXVariantGroup;
			children = (
				EA05F39522C8C36A003F14DD /* Base */,
			);
			name = Main.storyboard;
			sourceTree = "<group>";
		};
		EA05F39922C8C36B003F14DD /* LaunchScreen.storyboard */ = {
			isa = PBXVariantGroup;
			children = (
				EA05F39A22C8C36B003F14DD /* Base */,
			);
			name = LaunchScreen.storyboard;
			sourceTree = "<group>";
		};
/* End PBXVariantGroup section */

/* Begin XCBuildConfiguration section */
		EA05F3B322C8C36C003F14DD /* Debug */ = {
			isa = XCBuildConfiguration;
			buildSettings = {
				ALWAYS_SEARCH_USER_PATHS = NO;
				CLANG_ANALYZER_NONNULL = YES;
				CLANG_ANALYZER_NUMBER_OBJECT_CONVERSION = YES_AGGRESSIVE;
				CLANG_CXX_LANGUAGE_STANDARD = "gnu++14";
				CLANG_CXX_LIBRARY = "libc++";
				CLANG_ENABLE_MODULES = YES;
				CLANG_ENABLE_OBJC_ARC = YES;
				CLANG_ENABLE_OBJC_WEAK = YES;
				CLANG_WARN_BLOCK_CAPTURE_AUTORELEASING = YES;
				CLANG_WARN_BOOL_CONVERSION = YES;
				CLANG_WARN_COMMA = YES;
				CLANG_WARN_CONSTANT_CONVERSION = YES;
				CLANG_WARN_DEPRECATED_OBJC_IMPLEMENTATIONS = YES;
				CLANG_WARN_DIRECT_OBJC_ISA_USAGE = YES_ERROR;
				CLANG_WARN_DOCUMENTATION_COMMENTS = YES;
				CLANG_WARN_EMPTY_BODY = YES;
				CLANG_WARN_ENUM_CONVERSION = YES;
				CLANG_WARN_INFINITE_RECURSION = YES;
				CLANG_WARN_INT_CONVERSION = YES;
				CLANG_WARN_NON_LITERAL_NULL_CONVERSION = YES;
				CLANG_WARN_OBJC_IMPLICIT_RETAIN_SELF = YES;
				CLANG_WARN_OBJC_LITERAL_CONVERSION = YES;
				CLANG_WARN_OBJC_ROOT_CLASS = YES_ERROR;
				CLANG_WARN_RANGE_LOOP_ANALYSIS = YES;
				CLANG_WARN_STRICT_PROTOTYPES = YES;
				CLANG_WARN_SUSPICIOUS_MOVE = YES;
				CLANG_WARN_UNGUARDED_AVAILABILITY = YES_AGGRESSIVE;
				CLANG_WARN_UNREACHABLE_CODE = YES;
				CLANG_WARN__DUPLICATE_METHOD_MATCH = YES;
				CODE_SIGN_IDENTITY = "iPhone Developer";
				COPY_PHASE_STRIP = NO;
				DEBUG_INFORMATION_FORMAT = dwarf;
				ENABLE_STRICT_OBJC_MSGSEND = YES;
				ENABLE_TESTABILITY = YES;
				GCC_C_LANGUAGE_STANDARD = gnu11;
				GCC_DYNAMIC_NO_PIC = NO;
				GCC_NO_COMMON_BLOCKS = YES;
				GCC_OPTIMIZATION_LEVEL = 0;
				GCC_PREPROCESSOR_DEFINITIONS = (
					"DEBUG=1",
					"$(inherited)",
				);
				GCC_WARN_64_TO_32_BIT_CONVERSION = YES;
				GCC_WARN_ABOUT_RETURN_TYPE = YES_ERROR;
				GCC_WARN_UNDECLARED_SELECTOR = YES;
				GCC_WARN_UNINITIALIZED_AUTOS = YES_AGGRESSIVE;
				GCC_WARN_UNUSED_FUNCTION = YES;
				GCC_WARN_UNUSED_VARIABLE = YES;
				IPHONEOS_DEPLOYMENT_TARGET = 12.2;
				MTL_ENABLE_DEBUG_INFO = INCLUDE_SOURCE;
				MTL_FAST_MATH = YES;
				ONLY_ACTIVE_ARCH = YES;
				SDKROOT = iphoneos;
				SWIFT_ACTIVE_COMPILATION_CONDITIONS = DEBUG;
				SWIFT_OPTIMIZATION_LEVEL = "-Onone";
			};
			name = Debug;
		};
		EA05F3B422C8C36C003F14DD /* Release */ = {
			isa = XCBuildConfiguration;
			buildSettings = {
				ALWAYS_SEARCH_USER_PATHS = NO;
				CLANG_ANALYZER_NONNULL = YES;
				CLANG_ANALYZER_NUMBER_OBJECT_CONVERSION = YES_AGGRESSIVE;
				CLANG_CXX_LANGUAGE_STANDARD = "gnu++14";
				CLANG_CXX_LIBRARY = "libc++";
				CLANG_ENABLE_MODULES = YES;
				CLANG_ENABLE_OBJC_ARC = YES;
				CLANG_ENABLE_OBJC_WEAK = YES;
				CLANG_WARN_BLOCK_CAPTURE_AUTORELEASING = YES;
				CLANG_WARN_BOOL_CONVERSION = YES;
				CLANG_WARN_COMMA = YES;
				CLANG_WARN_CONSTANT_CONVERSION = YES;
				CLANG_WARN_DEPRECATED_OBJC_IMPLEMENTATIONS = YES;
				CLANG_WARN_DIRECT_OBJC_ISA_USAGE = YES_ERROR;
				CLANG_WARN_DOCUMENTATION_COMMENTS = YES;
				CLANG_WARN_EMPTY_BODY = YES;
				CLANG_WARN_ENUM_CONVERSION = YES;
				CLANG_WARN_INFINITE_RECURSION = YES;
				CLANG_WARN_INT_CONVERSION = YES;
				CLANG_WARN_NON_LITERAL_NULL_CONVERSION = YES;
				CLANG_WARN_OBJC_IMPLICIT_RETAIN_SELF = YES;
				CLANG_WARN_OBJC_LITERAL_CONVERSION = YES;
				CLANG_WARN_OBJC_ROOT_CLASS = YES_ERROR;
				CLANG_WARN_RANGE_LOOP_ANALYSIS = YES;
				CLANG_WARN_STRICT_PROTOTYPES = YES;
				CLANG_WARN_SUSPICIOUS_MOVE = YES;
				CLANG_WARN_UNGUARDED_AVAILABILITY = YES_AGGRESSIVE;
				CLANG_WARN_UNREACHABLE_CODE = YES;
				CLANG_WARN__DUPLICATE_METHOD_MATCH = YES;
				CODE_SIGN_IDENTITY = "iPhone Developer";
				COPY_PHASE_STRIP = NO;
				DEBUG_INFORMATION_FORMAT = "dwarf-with-dsym";
				ENABLE_NS_ASSERTIONS = NO;
				ENABLE_STRICT_OBJC_MSGSEND = YES;
				GCC_C_LANGUAGE_STANDARD = gnu11;
				GCC_NO_COMMON_BLOCKS = YES;
				GCC_WARN_64_TO_32_BIT_CONVERSION = YES;
				GCC_WARN_ABOUT_RETURN_TYPE = YES_ERROR;
				GCC_WARN_UNDECLARED_SELECTOR = YES;
				GCC_WARN_UNINITIALIZED_AUTOS = YES_AGGRESSIVE;
				GCC_WARN_UNUSED_FUNCTION = YES;
				GCC_WARN_UNUSED_VARIABLE = YES;
				IPHONEOS_DEPLOYMENT_TARGET = 12.2;
				MTL_ENABLE_DEBUG_INFO = NO;
				MTL_FAST_MATH = YES;
				SDKROOT = iphoneos;
				SWIFT_COMPILATION_MODE = wholemodule;
				SWIFT_OPTIMIZATION_LEVEL = "-O";
				VALIDATE_PRODUCT = YES;
			};
			name = Release;
		};
		EA05F3B622C8C36C003F14DD /* Debug */ = {
			isa = XCBuildConfiguration;
			buildSettings = {
				ASSETCATALOG_COMPILER_APPICON_NAME = AppIcon;
				CODE_SIGN_STYLE = Automatic;
				DEVELOPMENT_TEAM = SU98TPB7SD;
				INFOPLIST_FILE = MesurmentKit/Info.plist;
				IPHONEOS_DEPLOYMENT_TARGET = 12.2;
				LD_RUNPATH_SEARCH_PATHS = (
					"$(inherited)",
					"@executable_path/Frameworks",
				);
				PRODUCT_BUNDLE_IDENTIFIER = "com.QR-Code-Reader.MeasurmentKit";
				PRODUCT_NAME = "$(TARGET_NAME)";
				SWIFT_VERSION = 5.0;
				TARGETED_DEVICE_FAMILY = 1;
			};
			name = Debug;
		};
		EA05F3B722C8C36C003F14DD /* Release */ = {
			isa = XCBuildConfiguration;
			buildSettings = {
				ASSETCATALOG_COMPILER_APPICON_NAME = AppIcon;
				CODE_SIGN_STYLE = Automatic;
				DEVELOPMENT_TEAM = SU98TPB7SD;
				INFOPLIST_FILE = MesurmentKit/Info.plist;
				IPHONEOS_DEPLOYMENT_TARGET = 12.2;
				LD_RUNPATH_SEARCH_PATHS = (
					"$(inherited)",
					"@executable_path/Frameworks",
				);
				PRODUCT_BUNDLE_IDENTIFIER = "com.QR-Code-Reader.MeasurmentKit";
				PRODUCT_NAME = "$(TARGET_NAME)";
				SWIFT_VERSION = 5.0;
				TARGETED_DEVICE_FAMILY = 1;
			};
			name = Release;
		};
		EA05F3B922C8C36C003F14DD /* Debug */ = {
			isa = XCBuildConfiguration;
			buildSettings = {
				ALWAYS_EMBED_SWIFT_STANDARD_LIBRARIES = YES;
				BUNDLE_LOADER = "$(TEST_HOST)";
				CODE_SIGN_STYLE = Automatic;
				DEVELOPMENT_TEAM = CSGYJLUAWA;
				INFOPLIST_FILE = MesurmentKitTests/Info.plist;
				LD_RUNPATH_SEARCH_PATHS = (
					"$(inherited)",
					"@executable_path/Frameworks",
					"@loader_path/Frameworks",
				);
				PRODUCT_BUNDLE_IDENTIFIER = "com.QR-Code-Reader.MesurmentKitTests";
				PRODUCT_NAME = "$(TARGET_NAME)";
				SWIFT_VERSION = 5.0;
				TARGETED_DEVICE_FAMILY = "1,2";
				TEST_HOST = "$(BUILT_PRODUCTS_DIR)/Live澳.博AI代.理.資訊Measurements.app/Live澳.博AI代.理.資訊Measurements";
			};
			name = Debug;
		};
		EA05F3BA22C8C36C003F14DD /* Release */ = {
			isa = XCBuildConfiguration;
			buildSettings = {
				ALWAYS_EMBED_SWIFT_STANDARD_LIBRARIES = YES;
				BUNDLE_LOADER = "$(TEST_HOST)";
				CODE_SIGN_STYLE = Automatic;
				DEVELOPMENT_TEAM = CSGYJLUAWA;
				INFOPLIST_FILE = MesurmentKitTests/Info.plist;
				LD_RUNPATH_SEARCH_PATHS = (
					"$(inherited)",
					"@executable_path/Frameworks",
					"@loader_path/Frameworks",
				);
				PRODUCT_BUNDLE_IDENTIFIER = "com.QR-Code-Reader.MesurmentKitTests";
				PRODUCT_NAME = "$(TARGET_NAME)";
				SWIFT_VERSION = 5.0;
				TARGETED_DEVICE_FAMILY = "1,2";
				TEST_HOST = "$(BUILT_PRODUCTS_DIR)/Live澳.博AI代.理.資訊Measurements.app/Live澳.博AI代.理.資訊Measurements";
			};
			name = Release;
		};
		EA05F3BC22C8C36C003F14DD /* Debug */ = {
			isa = XCBuildConfiguration;
			buildSettings = {
				ALWAYS_EMBED_SWIFT_STANDARD_LIBRARIES = YES;
				CODE_SIGN_STYLE = Automatic;
				DEVELOPMENT_TEAM = CSGYJLUAWA;
				INFOPLIST_FILE = MesurmentKitUITests/Info.plist;
				LD_RUNPATH_SEARCH_PATHS = (
					"$(inherited)",
					"@executable_path/Frameworks",
					"@loader_path/Frameworks",
				);
				PRODUCT_BUNDLE_IDENTIFIER = "com.QR-Code-Reader.MesurmentKitUITests";
				PRODUCT_NAME = "$(TARGET_NAME)";
				SWIFT_VERSION = 5.0;
				TARGETED_DEVICE_FAMILY = "1,2";
				TEST_TARGET_NAME = MesurmentKit;
			};
			name = Debug;
		};
		EA05F3BD22C8C36C003F14DD /* Release */ = {
			isa = XCBuildConfiguration;
			buildSettings = {
				ALWAYS_EMBED_SWIFT_STANDARD_LIBRARIES = YES;
				CODE_SIGN_STYLE = Automatic;
				DEVELOPMENT_TEAM = CSGYJLUAWA;
				INFOPLIST_FILE = MesurmentKitUITests/Info.plist;
				LD_RUNPATH_SEARCH_PATHS = (
					"$(inherited)",
					"@executable_path/Frameworks",
					"@loader_path/Frameworks",
				);
				PRODUCT_BUNDLE_IDENTIFIER = "com.QR-Code-Reader.MesurmentKitUITests";
				PRODUCT_NAME = "$(TARGET_NAME)";
				SWIFT_VERSION = 5.0;
				TARGETED_DEVICE_FAMILY = "1,2";
				TEST_TARGET_NAME = MesurmentKit;
			};
			name = Release;
		};
/* End XCBuildConfiguration section */

/* Begin XCConfigurationList section */
		EA05F38822C8C36A003F14DD /* Build configuration list for PBXProject "Live澳.博AI代.理.資訊Measurements" */ = {
			isa = XCConfigurationList;
			buildConfigurations = (
				EA05F3B322C8C36C003F14DD /* Debug */,
				EA05F3B422C8C36C003F14DD /* Release */,
			);
			defaultConfigurationIsVisible = 0;
			defaultConfigurationName = Release;
		};
		EA05F3B522C8C36C003F14DD /* Build configuration list for PBXNativeTarget "Live澳.博AI代.理.資訊Measurements" */ = {
			isa = XCConfigurationList;
			buildConfigurations = (
				EA05F3B622C8C36C003F14DD /* Debug */,
				EA05F3B722C8C36C003F14DD /* Release */,
			);
			defaultConfigurationIsVisible = 0;
			defaultConfigurationName = Release;
		};
		EA05F3B822C8C36C003F14DD /* Build configuration list for PBXNativeTarget "Live澳.博AI代.理.資訊MeasurementsTests" */ = {
			isa = XCConfigurationList;
			buildConfigurations = (
				EA05F3B922C8C36C003F14DD /* Debug */,
				EA05F3BA22C8C36C003F14DD /* Release */,
			);
			defaultConfigurationIsVisible = 0;
			defaultConfigurationName = Release;
		};
		EA05F3BB22C8C36C003F14DD /* Build configuration list for PBXNativeTarget "Live澳.博AI代.理.資訊MeasurementsUITests" */ = {
			isa = XCConfigurationList;
			buildConfigurations = (
				EA05F3BC22C8C36C003F14DD /* Debug */,
				EA05F3BD22C8C36C003F14DD /* Release */,
			);
			defaultConfigurationIsVisible = 0;
			defaultConfigurationName = Release;
		};
/* End XCConfigurationList section */
	};
	rootObject = EA05F38522C8C36A003F14DD /* Project object */;
}
